
Microsoft Visual Studio Solution File, Format Version 12.00
# Visual Studio Version 16
VisualStudioVersion = 16.0.30406.217
MinimumVisualStudioVersion = 10.0.40219.1
Project("{FAE04EC0-301F-11D3-BF4B-00C04F79EFBC}") = "TulisanBerjalan", "TulisanBerjalan\TulisanBerjalan.csproj", "{A61447D3-A405-44B8-9267-25B2748921DD}"
EndProject
Global
	GlobalSection(SolutionConfigurationPlatforms) = preSolution
		Debug|Any CPU = Debug|Any CPU
		Release|Any CPU = Release|Any CPU
	EndGlobalSection
	GlobalSection(ProjectConfigurationPlatforms) = postSolution
		{A61447D3-A405-44B8-9267-25B2748921DD}.Debug|Any CPU.ActiveCfg = Debug|Any CPU
		{A61447D3-A405-44B8-9267-25B2748921DD}.Debug|Any CPU.Build.0 = Debug|Any CPU
		{A61447D3-A405-44B8-9267-25B2748921DD}.Release|Any CPU.ActiveCfg = Release|Any CPU
		{A61447D3-A405-44B8-9267-25B2748921DD}.Release|Any CPU.Build.0 = Release|Any CPU
	EndGlobalSection
	GlobalSection(SolutionProperties) = preSolution
		HideSolutionNode = FALSE
	EndGlobalSection
	GlobalSection(ExtensibilityGlobals) = postSolution
		SolutionGuid = {120B3315-AC2C-4B92-9E45-46162E10B357}
	EndGlobalSection
EndGlobal
