
Microsoft Visual Studio Solution File, Format Version 12.00
# Visual Studio Version 16
VisualStudioVersion = 16.0.30406.217
MinimumVisualStudioVersion = 10.0.40219.1
Project("{FAE04EC0-301F-11D3-BF4B-00C04F79EFBC}") = "AplikasiLatihanTiga3", "AplikasiLatihanTiga3\AplikasiLatihanTiga3.csproj", "{70BF5DB4-F5DE-43A2-874B-5823B85CF93E}"
EndProject
Global
	GlobalSection(SolutionConfigurationPlatforms) = preSolution
		Debug|Any CPU = Debug|Any CPU
		Release|Any CPU = Release|Any CPU
	EndGlobalSection
	GlobalSection(ProjectConfigurationPlatforms) = postSolution
		{70BF5DB4-F5DE-43A2-874B-5823B85CF93E}.Debug|Any CPU.ActiveCfg = Debug|Any CPU
		{70BF5DB4-F5DE-43A2-874B-5823B85CF93E}.Debug|Any CPU.Build.0 = Debug|Any CPU
		{70BF5DB4-F5DE-43A2-874B-5823B85CF93E}.Release|Any CPU.ActiveCfg = Release|Any CPU
		{70BF5DB4-F5DE-43A2-874B-5823B85CF93E}.Release|Any CPU.Build.0 = Release|Any CPU
	EndGlobalSection
	GlobalSection(SolutionProperties) = preSolution
		HideSolutionNode = FALSE
	EndGlobalSection
	GlobalSection(ExtensibilityGlobals) = postSolution
		SolutionGuid = {B2307E2A-9BAD-481F-8DDE-D266261B02D3}
	EndGlobalSection
EndGlobal
